PODS:
  - Flutter (1.0.0)
  - flutter_module (0.0.1):
    - Flutter
  - FlutterPluginRegistrant (0.0.1):
    - Flutter
  - SnapKit (4.2.0)

DEPENDENCIES:
  - Flutter (from `../flutter_module/.ios/Flutter/engine`)
  - flutter_module (from `../flutter_module/.ios/Flutter`)
  - FlutterPluginRegistrant (from `../flutter_module/.ios/Flutter/FlutterPluginRegistrant`)
  - SnapKit

SPEC REPOS:
  trunk:
    - SnapKit

EXTERNAL SOURCES:
  Flutter:
    :path: "../flutter_module/.ios/Flutter/engine"
  flutter_module:
    :path: "../flutter_module/.ios/Flutter"
  FlutterPluginRegistrant:
    :path: "../flutter_module/.ios/Flutter/FlutterPluginRegistrant"

SPEC CHECKSUMS:
  Flutter: 0e3d915762c693b495b44d77113d4970485de6ec
  flutter_module: 37f078337caf8acad3074374a49bf81442fd3e07
  FlutterPluginRegistrant: 8855ca2b426d228cb41aa6c26c0c83b8c49e3593
  SnapKit: fe8a619752f3f27075cc9a90244d75c6c3f27e2a

PODFILE CHECKSUM: 4a8b3963ca44c2840583363827f7df62eb078c71

COCOAPODS: 1.8.4
